
Microsoft Visual Studio Solution File, Format Version 12.00
# Visual Studio Version 17
VisualStudioVersion = 17.8.34330.188
MinimumVisualStudioVersion = 10.0.40219.1
Project("{FAE04EC0-301F-11D3-BF4B-00C04F79EFBC}") = "BulkyBook", "BulkyBook\BulkyBook.csproj", "{87848543-FECC-4BB0-9D39-A3D39F712BC3}"
EndProject
Global
	GlobalSection(SolutionConfigurationPlatforms) = preSolution
		Debug|Any CPU = Debug|Any CPU
		Release|Any CPU = Release|Any CPU
	EndGlobalSection
	GlobalSection(ProjectConfigurationPlatforms) = postSolution
		{87848543-FECC-4BB0-9D39-A3D39F712BC3}.Debug|Any CPU.ActiveCfg = Debug|Any CPU
		{87848543-FECC-4BB0-9D39-A3D39F712BC3}.Debug|Any CPU.Build.0 = Debug|Any CPU
		{87848543-FECC-4BB0-9D39-A3D39F712BC3}.Release|Any CPU.ActiveCfg = Release|Any CPU
		{87848543-FECC-4BB0-9D39-A3D39F712BC3}.Release|Any CPU.Build.0 = Release|Any CPU
	EndGlobalSection
	GlobalSection(SolutionProperties) = preSolution
		HideSolutionNode = FALSE
	EndGlobalSection
	GlobalSection(ExtensibilityGlobals) = postSolution
		SolutionGuid = {1AFB2165-0C92-45A3-AAF6-2DEE217470B9}
	EndGlobalSection
EndGlobal
